
Microsoft Visual Studio Solution File, Format Version 12.00
# Visual Studio Version 17
VisualStudioVersion = 17.8.34330.188
MinimumVisualStudioVersion = 10.0.40219.1
Project("{9A19103F-16F7-4668-BE54-9A1E7A4F7556}") = "SourceGeneratorException", "SourceGeneratorException\SourceGeneratorException.csproj", "{9AA81578-7DEF-4BAA-8CDA-9C8318941017}"
EndProject
Project("{9A19103F-16F7-4668-BE54-9A1E7A4F7556}") = "SourceGeneratorException.Desktop", "SourceGeneratorException.Desktop\SourceGeneratorException.Desktop.csproj", "{38498484-9D69-47CC-A836-D61C7585C572}"
EndProject
Project("{9A19103F-16F7-4668-BE54-9A1E7A4F7556}") = "LauncherX.SourceGenerator.Shared", "LauncherX.SourceGenerator.Shared\LauncherX.SourceGenerator.Shared.csproj", "{C1AA6EA2-C7B7-4110-8B5B-B027C2F09041}"
EndProject
Project("{9A19103F-16F7-4668-BE54-9A1E7A4F7556}") = "LauncherX.EnumDescriptor.SourceGenerator", "LauncherX.EnumDescriptor.SourceGenerator\LauncherX.EnumDescriptor.SourceGenerator.csproj", "{0D794A2E-45CD-43AE-84FB-60FADE63BC89}"
EndProject
Global
	GlobalSection(SolutionConfigurationPlatforms) = preSolution
		Debug|Any CPU = Debug|Any CPU
		Release|Any CPU = Release|Any CPU
	EndGlobalSection
	GlobalSection(ProjectConfigurationPlatforms) = postSolution
		{9AA81578-7DEF-4BAA-8CDA-9C8318941017}.Debug|Any CPU.ActiveCfg = Debug|Any CPU
		{9AA81578-7DEF-4BAA-8CDA-9C8318941017}.Debug|Any CPU.Build.0 = Debug|Any CPU
		{9AA81578-7DEF-4BAA-8CDA-9C8318941017}.Release|Any CPU.ActiveCfg = Release|Any CPU
		{9AA81578-7DEF-4BAA-8CDA-9C8318941017}.Release|Any CPU.Build.0 = Release|Any CPU
		{38498484-9D69-47CC-A836-D61C7585C572}.Debug|Any CPU.ActiveCfg = Debug|Any CPU
		{38498484-9D69-47CC-A836-D61C7585C572}.Debug|Any CPU.Build.0 = Debug|Any CPU
		{38498484-9D69-47CC-A836-D61C7585C572}.Release|Any CPU.ActiveCfg = Release|Any CPU
		{38498484-9D69-47CC-A836-D61C7585C572}.Release|Any CPU.Build.0 = Release|Any CPU
		{C1AA6EA2-C7B7-4110-8B5B-B027C2F09041}.Debug|Any CPU.ActiveCfg = Debug|Any CPU
		{C1AA6EA2-C7B7-4110-8B5B-B027C2F09041}.Debug|Any CPU.Build.0 = Debug|Any CPU
		{C1AA6EA2-C7B7-4110-8B5B-B027C2F09041}.Release|Any CPU.ActiveCfg = Release|Any CPU
		{C1AA6EA2-C7B7-4110-8B5B-B027C2F09041}.Release|Any CPU.Build.0 = Release|Any CPU
		{0D794A2E-45CD-43AE-84FB-60FADE63BC89}.Debug|Any CPU.ActiveCfg = Debug|Any CPU
		{0D794A2E-45CD-43AE-84FB-60FADE63BC89}.Debug|Any CPU.Build.0 = Debug|Any CPU
		{0D794A2E-45CD-43AE-84FB-60FADE63BC89}.Release|Any CPU.ActiveCfg = Release|Any CPU
		{0D794A2E-45CD-43AE-84FB-60FADE63BC89}.Release|Any CPU.Build.0 = Release|Any CPU
	EndGlobalSection
	GlobalSection(SolutionProperties) = preSolution
		HideSolutionNode = FALSE
	EndGlobalSection
	GlobalSection(ExtensibilityGlobals) = postSolution
		SolutionGuid = {D74532B9-D8CC-4FCE-BB2B-0F8BA5C1E681}
	EndGlobalSection
EndGlobal
